// !$*UTF8*$!
{
	archiveVersion = 1;
	classes = {
	};
	objectVersion = 46;
	objects = {

/* Begin PBXBuildFile section */
		170664D4190B60DD00A6C3C9 /* BlockView.m in Sources */ = {isa = PBXBuildFile; fileRef = 170664D3190B60DD00A6C3C9 /* BlockView.m */; };
		1737C43118CE415D00CFF4D0 /* Foundation.framework in Frameworks */ = {isa = PBXBuildFile; fileRef = 1737C43018CE415D00CFF4D0 /* Foundation.framework */; };
		1737C43318CE415D00CFF4D0 /* CoreGraphics.framework in Frameworks */ = {isa = PBXBuildFile; fileRef = 1737C43218CE415D00CFF4D0 /* CoreGraphics.framework */; };
		1737C43518CE415D00CFF4D0 /* UIKit.framework in Frameworks */ = {isa = PBXBuildFile; fileRef = 1737C43418CE415D00CFF4D0 /* UIKit.framework */; };
		1737C43B18CE415D00CFF4D0 /* InfoPlist.strings in Resources */ = {isa = PBXBuildFile; fileRef = 1737C43918CE415D00CFF4D0 /* InfoPlist.strings */; };
		1737C43D18CE415D00CFF4D0 /* main.m in Sources */ = {isa = PBXBuildFile; fileRef = 1737C43C18CE415D00CFF4D0 /* main.m */; };
		1737C44118CE415D00CFF4D0 /* AppDelegate.m in Sources */ = {isa = PBXBuildFile; fileRef = 1737C44018CE415D00CFF4D0 /* AppDelegate.m */; };
		1737C44418CE415D00CFF4D0 /* Main.storyboard in Resources */ = {isa = PBXBuildFile; fileRef = 1737C44218CE415D00CFF4D0 /* Main.storyboard */; };
		1737C44718CE415D00CFF4D0 /* ViewController.m in Sources */ = {isa = PBXBuildFile; fileRef = 1737C44618CE415D00CFF4D0 /* ViewController.m */; };
		1737C44918CE415D00CFF4D0 /* Images.xcassets in Resources */ = {isa = PBXBuildFile; fileRef = 1737C44818CE415D00CFF4D0 /* Images.xcassets */; };
		1737C45018CE415D00CFF4D0 /* XCTest.framework in Frameworks */ = {isa = PBXBuildFile; fileRef = 1737C44F18CE415D00CFF4D0 /* XCTest.framework */; };
		1737C45118CE415D00CFF4D0 /* Foundation.framework in Frameworks */ = {isa = PBXBuildFile; fileRef = 1737C43018CE415D00CFF4D0 /* Foundation.framework */; };
		1737C45218CE415D00CFF4D0 /* UIKit.framework in Frameworks */ = {isa = PBXBuildFile; fileRef = 1737C43418CE415D00CFF4D0 /* UIKit.framework */; };
		1737C45A18CE415D00CFF4D0 /* InfoPlist.strings in Resources */ = {isa = PBXBuildFile; fileRef = 1737C45818CE415D00CFF4D0 /* InfoPlist.strings */; };
		1737C45C18CE415E00CFF4D0 /* codekidTests.m in Sources */ = {isa = PBXBuildFile; fileRef = 1737C45B18CE415D00CFF4D0 /* codekidTests.m */; };
		1737C46718CE41DE00CFF4D0 /* Common.m in Sources */ = {isa = PBXBuildFile; fileRef = 1737C46618CE41DE00CFF4D0 /* Common.m */; };
		1737C46918CE41ED00CFF4D0 /* tokenizer.lm in Sources */ = {isa = PBXBuildFile; fileRef = 1737C46818CE41ED00CFF4D0 /* tokenizer.lm */; };
		1737C46B18CE41F600CFF4D0 /* parser.ym in Sources */ = {isa = PBXBuildFile; fileRef = 1737C46A18CE41F600CFF4D0 /* parser.ym */; };
		17722D7118D8042900E4A3CB /* Quadruple.m in Sources */ = {isa = PBXBuildFile; fileRef = 17722D7018D8042900E4A3CB /* Quadruple.m */; };
		17722D7518D807BC00E4A3CB /* Stack.m in Sources */ = {isa = PBXBuildFile; fileRef = 17722D7418D807BC00E4A3CB /* Stack.m */; };
		17A8F94119133CF300292E41 /* BlockDeleteAlertView.m in Sources */ = {isa = PBXBuildFile; fileRef = 17A8F94019133CF300292E41 /* BlockDeleteAlertView.m */; };
		17A9B6B71910588500DB5054 /* BlockHandlePanGestureRecognizer.m in Sources */ = {isa = PBXBuildFile; fileRef = 17A9B6B61910588500DB5054 /* BlockHandlePanGestureRecognizer.m */; };
		17AD02BC190EC92300C12643 /* VariableLabel.m in Sources */ = {isa = PBXBuildFile; fileRef = 17AD02BB190EC92300C12643 /* VariableLabel.m */; };
		17AD02BF190ECC3F00C12643 /* Action_Man_Bold.ttf in Resources */ = {isa = PBXBuildFile; fileRef = 17AD02BE190ECC3F00C12643 /* Action_Man_Bold.ttf */; };
		17CC3C6219132EE800157C4B /* BlockHandleLongPressGestureRecognizer.m in Sources */ = {isa = PBXBuildFile; fileRef = 17CC3C6119132EE800157C4B /* BlockHandleLongPressGestureRecognizer.m */; };
		17DE3A29190A10F700C57B0E /* Block.m in Sources */ = {isa = PBXBuildFile; fileRef = 17DE3A22190A10F700C57B0E /* Block.m */; };
		17DE3A2A190A10F700C57B0E /* BlockFactory.m in Sources */ = {isa = PBXBuildFile; fileRef = 17DE3A24190A10F700C57B0E /* BlockFactory.m */; };
		17DE3A2B190A10F700C57B0E /* DropZoneTextField.m in Sources */ = {isa = PBXBuildFile; fileRef = 17DE3A26190A10F700C57B0E /* DropZoneTextField.m */; };
		17DE3A2C190A10F700C57B0E /* DropZoneView.m in Sources */ = {isa = PBXBuildFile; fileRef = 17DE3A28190A10F700C57B0E /* DropZoneView.m */; };
		17DE3A2F190A110100C57B0E /* SidebarBlockViewCell.m in Sources */ = {isa = PBXBuildFile; fileRef = 17DE3A2E190A110100C57B0E /* SidebarBlockViewCell.m */; };
		17E9DB1818F903DB0024EE7A /* Memory.m in Sources */ = {isa = PBXBuildFile; fileRef = 17E9DB1118F903DB0024EE7A /* Memory.m */; };
		17E9DB1918F903DB0024EE7A /* Procedure.m in Sources */ = {isa = PBXBuildFile; fileRef = 17E9DB1318F903DB0024EE7A /* Procedure.m */; };
		17E9DB1A18F903DB0024EE7A /* Temporal.m in Sources */ = {isa = PBXBuildFile; fileRef = 17E9DB1518F903DB0024EE7A /* Temporal.m */; };
		17E9DB1B18F903DB0024EE7A /* Variable.m in Sources */ = {isa = PBXBuildFile; fileRef = 17E9DB1718F903DB0024EE7A /* Variable.m */; };
		DF3D350018DFC07500F8D6BD /* Project.m in Sources */ = {isa = PBXBuildFile; fileRef = DF3D34FF18DFC07500F8D6BD /* Project.m */; };
		DF3D350518DFCC7000F8D6BD /* edit.png in Resources */ = {isa = PBXBuildFile; fileRef = DF3D350218DFCC7000F8D6BD /* edit.png */; };
		DF3D350618DFCC7000F8D6BD /* plus-76x76@2x.png in Resources */ = {isa = PBXBuildFile; fileRef = DF3D350318DFCC7000F8D6BD /* plus-76x76@2x.png */; };
		DF3D350A18E0F56400F8D6BD /* codekid.png in Resources */ = {isa = PBXBuildFile; fileRef = DF3D350918E0F56400F8D6BD /* codekid.png */; };
		DF3D350E18E0F5F300F8D6BD /* Default.png in Resources */ = {isa = PBXBuildFile; fileRef = DF3D350D18E0F5F300F8D6BD /* Default.png */; };
		DF7F272918EDFE7C00971329 /* run.png in Resources */ = {isa = PBXBuildFile; fileRef = DF7F272518EDFE7C00971329 /* run.png */; };
		DF7F272D18EDFF6900971329 /* EventsViewController.m in Sources */ = {isa = PBXBuildFile; fileRef = DF7F272C18EDFF6900971329 /* EventsViewController.m */; };
		DF7F272F18EE1BAA00971329 /* statusBar.png in Resources */ = {isa = PBXBuildFile; fileRef = DF7F272E18EE1BAA00971329 /* statusBar.png */; };
		DF7F273118EE1C6F00971329 /* projects.png in Resources */ = {isa = PBXBuildFile; fileRef = DF7F273018EE1C6F00971329 /* projects.png */; };
		DF7F273318EE33D000971329 /* codekid-48.png in Resources */ = {isa = PBXBuildFile; fileRef = DF7F273218EE33D000971329 /* codekid-48.png */; };
		DF7F278518F36C3D00971329 /* character.png in Resources */ = {isa = PBXBuildFile; fileRef = DF7F277D18F36C3D00971329 /* character.png */; };
		DF7F279318F3712D00971329 /* Appearance.png in Resources */ = {isa = PBXBuildFile; fileRef = DF7F278C18F3712D00971329 /* Appearance.png */; };
		DF7F279418F3712D00971329 /* Control.png in Resources */ = {isa = PBXBuildFile; fileRef = DF7F278D18F3712D00971329 /* Control.png */; };
		DF7F279518F3712D00971329 /* Events.png in Resources */ = {isa = PBXBuildFile; fileRef = DF7F278E18F3712D00971329 /* Events.png */; };
		DF7F279618F3712D00971329 /* Lists.png in Resources */ = {isa = PBXBuildFile; fileRef = DF7F278F18F3712D00971329 /* Lists.png */; };
		DF7F279818F3712D00971329 /* Operators.png in Resources */ = {isa = PBXBuildFile; fileRef = DF7F279118F3712D00971329 /* Operators.png */; };
		DF7F279918F3712D00971329 /* Variables.png in Resources */ = {isa = PBXBuildFile; fileRef = DF7F279218F3712D00971329 /* Variables.png */; };
		DF7F279B18F3722400971329 /* Movement.png in Resources */ = {isa = PBXBuildFile; fileRef = DF7F279A18F3722400971329 /* Movement.png */; };
		DF7F279D18F383A600971329 /* drag.png in Resources */ = {isa = PBXBuildFile; fileRef = DF7F279C18F383A600971329 /* drag.png */; };
		DFA14A4918F60EE60061FB40 /* bloques in Resources */ = {isa = PBXBuildFile; fileRef = DFA14A4818F60EE60061FB40 /* bloques */; };
		DFE0BDD718EA271500F87F18 /* x.png in Resources */ = {isa = PBXBuildFile; fileRef = DFE0BDD618EA271500F87F18 /* x.png */; };
		DFE0BDD918EA64E000F87F18 /* editEnable.png in Resources */ = {isa = PBXBuildFile; fileRef = DFE0BDD818EA64E000F87F18 /* editEnable.png */; };
		DFE0BDDB18EA6ED400F87F18 /* rename.png in Resources */ = {isa = PBXBuildFile; fileRef = DFE0BDDA18EA6ED400F87F18 /* rename.png */; };
/* End PBXBuildFile section */

/* Begin PBXContainerItemProxy section */
		1737C45318CE415D00CFF4D0 /* PBXContainerItemProxy */ = {
			isa = PBXContainerItemProxy;
			containerPortal = 1737C42518CE415D00CFF4D0 /* Project object */;
			proxyType = 1;
			remoteGlobalIDString = 1737C42C18CE415D00CFF4D0;
			remoteInfo = codekid;
		};
/* End PBXContainerItemProxy section */

/* Begin PBXFileReference section */
		170664D2190B60DD00A6C3C9 /* BlockView.h */ = {isa = PBXFileReference; fileEncoding = 4; lastKnownFileType = sourcecode.c.h; path = BlockView.h; sourceTree = "<group>"; };
		170664D3190B60DD00A6C3C9 /* BlockView.m */ = {isa = PBXFileReference; fileEncoding = 4; lastKnownFileType = sourcecode.c.objc; path = BlockView.m; sourceTree = "<group>"; };
		1737C42D18CE415D00CFF4D0 /* codekid.app */ = {isa = PBXFileReference; explicitFileType = wrapper.application; includeInIndex = 0; path = codekid.app; sourceTree = BUILT_PRODUCTS_DIR; };
		1737C43018CE415D00CFF4D0 /* Foundation.framework */ = {isa = PBXFileReference; lastKnownFileType = wrapper.framework; name = Foundation.framework; path = System/Library/Frameworks/Foundation.framework; sourceTree = SDKROOT; };
		1737C43218CE415D00CFF4D0 /* CoreGraphics.framework */ = {isa = PBXFileReference; lastKnownFileType = wrapper.framework; name = CoreGraphics.framework; path = System/Library/Frameworks/CoreGraphics.framework; sourceTree = SDKROOT; };
		1737C43418CE415D00CFF4D0 /* UIKit.framework */ = {isa = PBXFileReference; lastKnownFileType = wrapper.framework; name = UIKit.framework; path = System/Library/Frameworks/UIKit.framework; sourceTree = SDKROOT; };
		1737C43818CE415D00CFF4D0 /* codekid-Info.plist */ = {isa = PBXFileReference; lastKnownFileType = text.plist.xml; path = "codekid-Info.plist"; sourceTree = "<group>"; };
		1737C43A18CE415D00CFF4D0 /* en */ = {isa = PBXFileReference; lastKnownFileType = text.plist.strings; name = en; path = en.lproj/InfoPlist.strings; sourceTree = "<group>"; };
		1737C43C18CE415D00CFF4D0 /* main.m */ = {isa = PBXFileReference; lastKnownFileType = sourcecode.c.objc; path = main.m; sourceTree = "<group>"; };
		1737C43E18CE415D00CFF4D0 /* codekid-Prefix.pch */ = {isa = PBXFileReference; lastKnownFileType = sourcecode.c.h; path = "codekid-Prefix.pch"; sourceTree = "<group>"; };
		1737C43F18CE415D00CFF4D0 /* AppDelegate.h */ = {isa = PBXFileReference; lastKnownFileType = sourcecode.c.h; path = AppDelegate.h; sourceTree = "<group>"; };
		1737C44018CE415D00CFF4D0 /* AppDelegate.m */ = {isa = PBXFileReference; lastKnownFileType = sourcecode.c.objc; path = AppDelegate.m; sourceTree = "<group>"; };
		1737C44318CE415D00CFF4D0 /* Base */ = {isa = PBXFileReference; lastKnownFileType = file.storyboard; name = Base; path = Base.lproj/Main.storyboard; sourceTree = "<group>"; };
		1737C44518CE415D00CFF4D0 /* ViewController.h */ = {isa = PBXFileReference; lastKnownFileType = sourcecode.c.h; path = ViewController.h; sourceTree = "<group>"; };
		1737C44618CE415D00CFF4D0 /* ViewController.m */ = {isa = PBXFileReference; lastKnownFileType = sourcecode.c.objc; path = ViewController.m; sourceTree = "<group>"; };
		1737C44818CE415D00CFF4D0 /* Images.xcassets */ = {isa = PBXFileReference; lastKnownFileType = folder.assetcatalog; path = Images.xcassets; sourceTree = "<group>"; };
		1737C44E18CE415D00CFF4D0 /* codekidTests.xctest */ = {isa = PBXFileReference; explicitFileType = wrapper.cfbundle; includeInIndex = 0; path = codekidTests.xctest; sourceTree = BUILT_PRODUCTS_DIR; };
		1737C44F18CE415D00CFF4D0 /* XCTest.framework */ = {isa = PBXFileReference; lastKnownFileType = wrapper.framework; name = XCTest.framework; path = Library/Frameworks/XCTest.framework; sourceTree = DEVELOPER_DIR; };
		1737C45718CE415D00CFF4D0 /* codekidTests-Info.plist */ = {isa = PBXFileReference; lastKnownFileType = text.plist.xml; path = "codekidTests-Info.plist"; sourceTree = "<group>"; };
		1737C45918CE415D00CFF4D0 /* en */ = {isa = PBXFileReference; lastKnownFileType = text.plist.strings; name = en; path = en.lproj/InfoPlist.strings; sourceTree = "<group>"; };
		1737C45B18CE415D00CFF4D0 /* codekidTests.m */ = {isa = PBXFileReference; lastKnownFileType = sourcecode.c.objc; path = codekidTests.m; sourceTree = "<group>"; };
		1737C46518CE41DE00CFF4D0 /* Common.h */ = {isa = PBXFileReference; fileEncoding = 4; lastKnownFileType = sourcecode.c.h; path = Common.h; sourceTree = "<group>"; };
		1737C46618CE41DE00CFF4D0 /* Common.m */ = {isa = PBXFileReference; fileEncoding = 4; lastKnownFileType = sourcecode.c.objc; path = Common.m; sourceTree = "<group>"; };
		1737C46818CE41ED00CFF4D0 /* tokenizer.lm */ = {isa = PBXFileReference; fileEncoding = 4; lastKnownFileType = sourcecode.lex; path = tokenizer.lm; sourceTree = "<group>"; };
		1737C46A18CE41F600CFF4D0 /* parser.ym */ = {isa = PBXFileReference; fileEncoding = 4; lastKnownFileType = sourcecode.yacc; path = parser.ym; sourceTree = "<group>"; };
		17722D6F18D8042900E4A3CB /* Quadruple.h */ = {isa = PBXFileReference; fileEncoding = 4; lastKnownFileType = sourcecode.c.h; path = Quadruple.h; sourceTree = "<group>"; };
		17722D7018D8042900E4A3CB /* Quadruple.m */ = {isa = PBXFileReference; fileEncoding = 4; lastKnownFileType = sourcecode.c.objc; path = Quadruple.m; sourceTree = "<group>"; };
		17722D7318D807BC00E4A3CB /* Stack.h */ = {isa = PBXFileReference; fileEncoding = 4; lastKnownFileType = sourcecode.c.h; path = Stack.h; sourceTree = "<group>"; };
		17722D7418D807BC00E4A3CB /* Stack.m */ = {isa = PBXFileReference; fileEncoding = 4; lastKnownFileType = sourcecode.c.objc; path = Stack.m; sourceTree = "<group>"; };
		17A8F93F19133CF300292E41 /* BlockDeleteAlertView.h */ = {isa = PBXFileReference; fileEncoding = 4; lastKnownFileType = sourcecode.c.h; path = BlockDeleteAlertView.h; sourceTree = "<group>"; };
		17A8F94019133CF300292E41 /* BlockDeleteAlertView.m */ = {isa = PBXFileReference; fileEncoding = 4; lastKnownFileType = sourcecode.c.objc; path = BlockDeleteAlertView.m; sourceTree = "<group>"; };
		17A9B6B51910588500DB5054 /* BlockHandlePanGestureRecognizer.h */ = {isa = PBXFileReference; fileEncoding = 4; lastKnownFileType = sourcecode.c.h; path = BlockHandlePanGestureRecognizer.h; sourceTree = "<group>"; };
		17A9B6B61910588500DB5054 /* BlockHandlePanGestureRecognizer.m */ = {isa = PBXFileReference; fileEncoding = 4; lastKnownFileType = sourcecode.c.objc; path = BlockHandlePanGestureRecognizer.m; sourceTree = "<group>"; };
		17AD02BA190EC92300C12643 /* VariableLabel.h */ = {isa = PBXFileReference; fileEncoding = 4; lastKnownFileType = sourcecode.c.h; path = VariableLabel.h; sourceTree = "<group>"; };
		17AD02BB190EC92300C12643 /* VariableLabel.m */ = {isa = PBXFileReference; fileEncoding = 4; lastKnownFileType = sourcecode.c.objc; path = VariableLabel.m; sourceTree = "<group>"; };
		17AD02BE190ECC3F00C12643 /* Action_Man_Bold.ttf */ = {isa = PBXFileReference; lastKnownFileType = file; path = Action_Man_Bold.ttf; sourceTree = "<group>"; };
		17CC3C6019132EE800157C4B /* BlockHandleLongPressGestureRecognizer.h */ = {isa = PBXFileReference; fileEncoding = 4; lastKnownFileType = sourcecode.c.h; path = BlockHandleLongPressGestureRecognizer.h; sourceTree = "<group>"; };
		17CC3C6119132EE800157C4B /* BlockHandleLongPressGestureRecognizer.m */ = {isa = PBXFileReference; fileEncoding = 4; lastKnownFileType = sourcecode.c.objc; path = BlockHandleLongPressGestureRecognizer.m; sourceTree = "<group>"; };
		17DE3A21190A10F700C57B0E /* Block.h */ = {isa = PBXFileReference; fileEncoding = 4; lastKnownFileType = sourcecode.c.h; path = Block.h; sourceTree = "<group>"; };
		17DE3A22190A10F700C57B0E /* Block.m */ = {isa = PBXFileReference; fileEncoding = 4; lastKnownFileType = sourcecode.c.objc; path = Block.m; sourceTree = "<group>"; };
		17DE3A23190A10F700C57B0E /* BlockFactory.h */ = {isa = PBXFileReference; fileEncoding = 4; lastKnownFileType = sourcecode.c.h; path = BlockFactory.h; sourceTree = "<group>"; };
		17DE3A24190A10F700C57B0E /* BlockFactory.m */ = {isa = PBXFileReference; fileEncoding = 4; lastKnownFileType = sourcecode.c.objc; path = BlockFactory.m; sourceTree = "<group>"; };
		17DE3A25190A10F700C57B0E /* DropZoneTextField.h */ = {isa = PBXFileReference; fileEncoding = 4; lastKnownFileType = sourcecode.c.h; path = DropZoneTextField.h; sourceTree = "<group>"; };
		17DE3A26190A10F700C57B0E /* DropZoneTextField.m */ = {isa = PBXFileReference; fileEncoding = 4; lastKnownFileType = sourcecode.c.objc; path = DropZoneTextField.m; sourceTree = "<group>"; };
		17DE3A27190A10F700C57B0E /* DropZoneView.h */ = {isa = PBXFileReference; fileEncoding = 4; lastKnownFileType = sourcecode.c.h; path = DropZoneView.h; sourceTree = "<group>"; };
		17DE3A28190A10F700C57B0E /* DropZoneView.m */ = {isa = PBXFileReference; fileEncoding = 4; lastKnownFileType = sourcecode.c.objc; path = DropZoneView.m; sourceTree = "<group>"; };
		17DE3A2D190A110100C57B0E /* SidebarBlockViewCell.h */ = {isa = PBXFileReference; fileEncoding = 4; lastKnownFileType = sourcecode.c.h; path = SidebarBlockViewCell.h; sourceTree = "<group>"; };
		17DE3A2E190A110100C57B0E /* SidebarBlockViewCell.m */ = {isa = PBXFileReference; fileEncoding = 4; lastKnownFileType = sourcecode.c.objc; path = SidebarBlockViewCell.m; sourceTree = "<group>"; };
		17E9DB1018F903DB0024EE7A /* Memory.h */ = {isa = PBXFileReference; fileEncoding = 4; lastKnownFileType = sourcecode.c.h; path = Memory.h; sourceTree = "<group>"; };
		17E9DB1118F903DB0024EE7A /* Memory.m */ = {isa = PBXFileReference; fileEncoding = 4; lastKnownFileType = sourcecode.c.objc; path = Memory.m; sourceTree = "<group>"; };
		17E9DB1218F903DB0024EE7A /* Procedure.h */ = {isa = PBXFileReference; fileEncoding = 4; lastKnownFileType = sourcecode.c.h; path = Procedure.h; sourceTree = "<group>"; };
		17E9DB1318F903DB0024EE7A /* Procedure.m */ = {isa = PBXFileReference; fileEncoding = 4; lastKnownFileType = sourcecode.c.objc; path = Procedure.m; sourceTree = "<group>"; };
		17E9DB1418F903DB0024EE7A /* Temporal.h */ = {isa = PBXFileReference; fileEncoding = 4; lastKnownFileType = sourcecode.c.h; path = Temporal.h; sourceTree = "<group>"; };
		17E9DB1518F903DB0024EE7A /* Temporal.m */ = {isa = PBXFileReference; fileEncoding = 4; lastKnownFileType = sourcecode.c.objc; path = Temporal.m; sourceTree = "<group>"; };
		17E9DB1618F903DB0024EE7A /* Variable.h */ = {isa = PBXFileReference; fileEncoding = 4; lastKnownFileType = sourcecode.c.h; path = Variable.h; sourceTree = "<group>"; };
		17E9DB1718F903DB0024EE7A /* Variable.m */ = {isa = PBXFileReference; fileEncoding = 4; lastKnownFileType = sourcecode.c.objc; path = Variable.m; sourceTree = "<group>"; };
		DF3D34FE18DFC07500F8D6BD /* Project.h */ = {isa = PBXFileReference; fileEncoding = 4; lastKnownFileType = sourcecode.c.h; path = Project.h; sourceTree = "<group>"; };
		DF3D34FF18DFC07500F8D6BD /* Project.m */ = {isa = PBXFileReference; fileEncoding = 4; lastKnownFileType = sourcecode.c.objc; path = Project.m; sourceTree = "<group>"; };
		DF3D350218DFCC7000F8D6BD /* edit.png */ = {isa = PBXFileReference; lastKnownFileType = image.png; name = edit.png; path = "codekid-img/edit.png"; sourceTree = "<group>"; };
		DF3D350318DFCC7000F8D6BD /* plus-76x76@2x.png */ = {isa = PBXFileReference; lastKnownFileType = image.png; name = "plus-76x76@2x.png"; path = "codekid-img/plus-76x76@2x.png"; sourceTree = "<group>"; };
		DF3D350918E0F56400F8D6BD /* codekid.png */ = {isa = PBXFileReference; lastKnownFileType = image.png; name = codekid.png; path = "codekid-img/codekid.png"; sourceTree = "<group>"; };
		DF3D350D18E0F5F300F8D6BD /* Default.png */ = {isa = PBXFileReference; lastKnownFileType = image.png; name = Default.png; path = "codekid-img/Default.png"; sourceTree = "<group>"; };
		DF7F272518EDFE7C00971329 /* run.png */ = {isa = PBXFileReference; lastKnownFileType = image.png; name = run.png; path = "codekid-img/run.png"; sourceTree = SOURCE_ROOT; };
		DF7F272B18EDFF6900971329 /* EventsViewController.h */ = {isa = PBXFileReference; fileEncoding = 4; lastKnownFileType = sourcecode.c.h; path = EventsViewController.h; sourceTree = "<group>"; };
		DF7F272C18EDFF6900971329 /* EventsViewController.m */ = {isa = PBXFileReference; fileEncoding = 4; lastKnownFileType = sourcecode.c.objc; path = EventsViewController.m; sourceTree = "<group>"; };
		DF7F272E18EE1BAA00971329 /* statusBar.png */ = {isa = PBXFileReference; lastKnownFileType = image.png; name = statusBar.png; path = "codekid-img/statusBar.png"; sourceTree = SOURCE_ROOT; };
		DF7F273018EE1C6F00971329 /* projects.png */ = {isa = PBXFileReference; lastKnownFileType = image.png; name = projects.png; path = "codekid-img/projects.png"; sourceTree = SOURCE_ROOT; };
		DF7F273218EE33D000971329 /* codekid-48.png */ = {isa = PBXFileReference; lastKnownFileType = image.png; name = "codekid-48.png"; path = "codekid-img/codekid-48.png"; sourceTree = SOURCE_ROOT; };
		DF7F277D18F36C3D00971329 /* character.png */ = {isa = PBXFileReference; lastKnownFileType = image.png; name = character.png; path = "codekid-img/optionsMenu/character.png"; sourceTree = SOURCE_ROOT; };
		DF7F278C18F3712D00971329 /* Appearance.png */ = {isa = PBXFileReference; lastKnownFileType = image.png; name = Appearance.png; path = "codekid-img/optionsMenu/Appearance.png"; sourceTree = "<group>"; };
		DF7F278D18F3712D00971329 /* Control.png */ = {isa = PBXFileReference; lastKnownFileType = image.png; name = Control.png; path = "codekid-img/optionsMenu/Control.png"; sourceTree = "<group>"; };
		DF7F278E18F3712D00971329 /* Events.png */ = {isa = PBXFileReference; lastKnownFileType = image.png; name = Events.png; path = "codekid-img/optionsMenu/Events.png"; sourceTree = "<group>"; };
		DF7F278F18F3712D00971329 /* Lists.png */ = {isa = PBXFileReference; lastKnownFileType = image.png; name = Lists.png; path = "codekid-img/optionsMenu/Lists.png"; sourceTree = "<group>"; };
		DF7F279118F3712D00971329 /* Operators.png */ = {isa = PBXFileReference; lastKnownFileType = image.png; name = Operators.png; path = "codekid-img/optionsMenu/Operators.png"; sourceTree = "<group>"; };
		DF7F279218F3712D00971329 /* Variables.png */ = {isa = PBXFileReference; lastKnownFileType = image.png; name = Variables.png; path = "codekid-img/optionsMenu/Variables.png"; sourceTree = "<group>"; };
		DF7F279A18F3722400971329 /* Movement.png */ = {isa = PBXFileReference; lastKnownFileType = image.png; name = Movement.png; path = "codekid-img/optionsMenu/Movement.png"; sourceTree = "<group>"; };
		DF7F279C18F383A600971329 /* drag.png */ = {isa = PBXFileReference; lastKnownFileType = image.png; name = drag.png; path = "codekid-img/drag.png"; sourceTree = "<group>"; };
		DFA14A4818F60EE60061FB40 /* bloques */ = {isa = PBXFileReference; lastKnownFileType = folder; name = bloques; path = "codekid-img/bloques"; sourceTree = "<group>"; };
		DFE0BDD618EA271500F87F18 /* x.png */ = {isa = PBXFileReference; lastKnownFileType = image.png; name = x.png; path = "codekid-img/x.png"; sourceTree = SOURCE_ROOT; };
		DFE0BDD818EA64E000F87F18 /* editEnable.png */ = {isa = PBXFileReference; lastKnownFileType = image.png; name = editEnable.png; path = "codekid-img/editEnable.png"; sourceTree = SOURCE_ROOT; };
		DFE0BDDA18EA6ED400F87F18 /* rename.png */ = {isa = PBXFileReference; lastKnownFileType = image.png; name = rename.png; path = "codekid-img/rename.png"; sourceTree = SOURCE_ROOT; };
/* End PBXFileReference section */

/* Begin PBXFrameworksBuildPhase section */
		1737C42A18CE415D00CFF4D0 /* Frameworks */ = {
			isa = PBXFrameworksBuildPhase;
			buildActionMask = 2147483647;
			files = (
				1737C43318CE415D00CFF4D0 /* CoreGraphics.framework in Frameworks */,
				1737C43518CE415D00CFF4D0 /* UIKit.framework in Frameworks */,
				1737C43118CE415D00CFF4D0 /* Foundation.framework in Frameworks */,
			);
			runOnlyForDeploymentPostprocessing = 0;
		};
		1737C44B18CE415D00CFF4D0 /* Frameworks */ = {
			isa = PBXFrameworksBuildPhase;
			buildActionMask = 2147483647;
			files = (
				1737C45018CE415D00CFF4D0 /* XCTest.framework in Frameworks */,
				1737C45218CE415D00CFF4D0 /* UIKit.framework in Frameworks */,
				1737C45118CE415D00CFF4D0 /* Foundation.framework in Frameworks */,
			);
			runOnlyForDeploymentPostprocessing = 0;
		};
/* End PBXFrameworksBuildPhase section */

/* Begin PBXGroup section */
		1737C42418CE415D00CFF4D0 = {
			isa = PBXGroup;
			children = (
				DF7F272A18EDFF3A00971329 /* img */,
				1737C43618CE415D00CFF4D0 /* codekid */,
				1737C45518CE415D00CFF4D0 /* codekidTests */,
				1737C42F18CE415D00CFF4D0 /* Frameworks */,
				1737C42E18CE415D00CFF4D0 /* Products */,
			);
			sourceTree = "<group>";
		};
		1737C42E18CE415D00CFF4D0 /* Products */ = {
			isa = PBXGroup;
			children = (
				1737C42D18CE415D00CFF4D0 /* codekid.app */,
				1737C44E18CE415D00CFF4D0 /* codekidTests.xctest */,
			);
			name = Products;
			sourceTree = "<group>";
		};
		1737C42F18CE415D00CFF4D0 /* Frameworks */ = {
			isa = PBXGroup;
			children = (
				1737C43018CE415D00CFF4D0 /* Foundation.framework */,
				1737C43218CE415D00CFF4D0 /* CoreGraphics.framework */,
				1737C43418CE415D00CFF4D0 /* UIKit.framework */,
				1737C44F18CE415D00CFF4D0 /* XCTest.framework */,
			);
			name = Frameworks;
			sourceTree = "<group>";
		};
		1737C43618CE415D00CFF4D0 /* codekid */ = {
			isa = PBXGroup;
			children = (
				17AD02BD190ECC3200C12643 /* Fonts */,
				17DE3A2D190A110100C57B0E /* SidebarBlockViewCell.h */,
				17DE3A2E190A110100C57B0E /* SidebarBlockViewCell.m */,
				17DE3A20190A10D900C57B0E /* Blocks */,
				1737C43F18CE415D00CFF4D0 /* AppDelegate.h */,
				1737C44018CE415D00CFF4D0 /* AppDelegate.m */,
				1737C44218CE415D00CFF4D0 /* Main.storyboard */,
				DF7F272B18EDFF6900971329 /* EventsViewController.h */,
				DF7F272C18EDFF6900971329 /* EventsViewController.m */,
				1737C44518CE415D00CFF4D0 /* ViewController.h */,
				1737C44618CE415D00CFF4D0 /* ViewController.m */,
				DF3D34FE18DFC07500F8D6BD /* Project.h */,
				DF3D34FF18DFC07500F8D6BD /* Project.m */,
				1737C44818CE415D00CFF4D0 /* Images.xcassets */,
				1737C43718CE415D00CFF4D0 /* Supporting Files */,
				1737C46518CE41DE00CFF4D0 /* Common.h */,
				1737C46618CE41DE00CFF4D0 /* Common.m */,
				17D0E8FE18D1504300B0C02C /* Flex & Bison */,
				17722D7218D8043100E4A3CB /* Compiler Objects */,
			);
			path = codekid;
			sourceTree = "<group>";
		};
		1737C43718CE415D00CFF4D0 /* Supporting Files */ = {
			isa = PBXGroup;
			children = (
				1737C43818CE415D00CFF4D0 /* codekid-Info.plist */,
				1737C43918CE415D00CFF4D0 /* InfoPlist.strings */,
				1737C43C18CE415D00CFF4D0 /* main.m */,
				1737C43E18CE415D00CFF4D0 /* codekid-Prefix.pch */,
			);
			name = "Supporting Files";
			sourceTree = "<group>";
		};
		1737C45518CE415D00CFF4D0 /* codekidTests */ = {
			isa = PBXGroup;
			children = (
				1737C45B18CE415D00CFF4D0 /* codekidTests.m */,
				1737C45618CE415D00CFF4D0 /* Supporting Files */,
			);
			path = codekidTests;
			sourceTree = "<group>";
		};
		1737C45618CE415D00CFF4D0 /* Supporting Files */ = {
			isa = PBXGroup;
			children = (
				1737C45718CE415D00CFF4D0 /* codekidTests-Info.plist */,
				1737C45818CE415D00CFF4D0 /* InfoPlist.strings */,
			);
			name = "Supporting Files";
			sourceTree = "<group>";
		};
		17722D7218D8043100E4A3CB /* Compiler Objects */ = {
			isa = PBXGroup;
			children = (
				17E9DB1018F903DB0024EE7A /* Memory.h */,
				17E9DB1118F903DB0024EE7A /* Memory.m */,
				17E9DB1218F903DB0024EE7A /* Procedure.h */,
				17E9DB1318F903DB0024EE7A /* Procedure.m */,
				17E9DB1418F903DB0024EE7A /* Temporal.h */,
				17E9DB1518F903DB0024EE7A /* Temporal.m */,
				17E9DB1618F903DB0024EE7A /* Variable.h */,
				17E9DB1718F903DB0024EE7A /* Variable.m */,
				17722D6F18D8042900E4A3CB /* Quadruple.h */,
				17722D7018D8042900E4A3CB /* Quadruple.m */,
				17722D7318D807BC00E4A3CB /* Stack.h */,
				17722D7418D807BC00E4A3CB /* Stack.m */,
			);
			name = "Compiler Objects";
			sourceTree = "<group>";
		};
		17AD02BD190ECC3200C12643 /* Fonts */ = {
			isa = PBXGroup;
			children = (
				17AD02BE190ECC3F00C12643 /* Action_Man_Bold.ttf */,
			);
			name = Fonts;
			sourceTree = "<group>";
		};
		17D0E8FE18D1504300B0C02C /* Flex & Bison */ = {
			isa = PBXGroup;
			children = (
				1737C46818CE41ED00CFF4D0 /* tokenizer.lm */,
				1737C46A18CE41F600CFF4D0 /* parser.ym */,
			);
			name = "Flex & Bison";
			sourceTree = "<group>";
		};
		17DE3A20190A10D900C57B0E /* Blocks */ = {
			isa = PBXGroup;
			children = (
				17DE3A23190A10F700C57B0E /* BlockFactory.h */,
				17DE3A24190A10F700C57B0E /* BlockFactory.m */,
				17DE3A21190A10F700C57B0E /* Block.h */,
				17DE3A22190A10F700C57B0E /* Block.m */,
				170664D2190B60DD00A6C3C9 /* BlockView.h */,
				170664D3190B60DD00A6C3C9 /* BlockView.m */,
				17DE3A25190A10F700C57B0E /* DropZoneTextField.h */,
				17DE3A26190A10F700C57B0E /* DropZoneTextField.m */,
				17DE3A27190A10F700C57B0E /* DropZoneView.h */,
				17DE3A28190A10F700C57B0E /* DropZoneView.m */,
				17AD02BA190EC92300C12643 /* VariableLabel.h */,
				17AD02BB190EC92300C12643 /* VariableLabel.m */,
				17A9B6B51910588500DB5054 /* BlockHandlePanGestureRecognizer.h */,
				17A9B6B61910588500DB5054 /* BlockHandlePanGestureRecognizer.m */,
				17CC3C6019132EE800157C4B /* BlockHandleLongPressGestureRecognizer.h */,
				17CC3C6119132EE800157C4B /* BlockHandleLongPressGestureRecognizer.m */,
				17A8F93F19133CF300292E41 /* BlockDeleteAlertView.h */,
				17A8F94019133CF300292E41 /* BlockDeleteAlertView.m */,
			);
			name = Blocks;
			sourceTree = "<group>";
		};
		DF7F272A18EDFF3A00971329 /* img */ = {
			isa = PBXGroup;
			children = (
				DFA14A4818F60EE60061FB40 /* bloques */,
				DF7F277D18F36C3D00971329 /* character.png */,
				DF7F279A18F3722400971329 /* Movement.png */,
				DF7F273218EE33D000971329 /* codekid-48.png */,
				DF7F273018EE1C6F00971329 /* projects.png */,
				DF7F272E18EE1BAA00971329 /* statusBar.png */,
				DF3D350D18E0F5F300F8D6BD /* Default.png */,
				DF7F278C18F3712D00971329 /* Appearance.png */,
				DF7F279C18F383A600971329 /* drag.png */,
				DF7F278D18F3712D00971329 /* Control.png */,
				DF7F278E18F3712D00971329 /* Events.png */,
				DF7F278F18F3712D00971329 /* Lists.png */,
				DF7F279118F3712D00971329 /* Operators.png */,
				DF7F279218F3712D00971329 /* Variables.png */,
				DF3D350918E0F56400F8D6BD /* codekid.png */,
				DF3D350218DFCC7000F8D6BD /* edit.png */,
				DFE0BDD618EA271500F87F18 /* x.png */,
				DFE0BDDA18EA6ED400F87F18 /* rename.png */,
				DFE0BDD818EA64E000F87F18 /* editEnable.png */,
				DF7F272518EDFE7C00971329 /* run.png */,
				DF3D350318DFCC7000F8D6BD /* plus-76x76@2x.png */,
			);
			name = img;
			sourceTree = "<group>";
		};
/* End PBXGroup section */

/* Begin PBXNativeTarget section */
		1737C42C18CE415D00CFF4D0 /* codekid */ = {
			isa = PBXNativeTarget;
			buildConfigurationList = 1737C45F18CE415E00CFF4D0 /* Build configuration list for PBXNativeTarget "codekid" */;
			buildPhases = (
				1737C42918CE415D00CFF4D0 /* Sources */,
				1737C42A18CE415D00CFF4D0 /* Frameworks */,
				1737C42B18CE415D00CFF4D0 /* Resources */,
			);
			buildRules = (
			);
			dependencies = (
			);
			name = codekid;
			productName = codekid;
			productReference = 1737C42D18CE415D00CFF4D0 /* codekid.app */;
			productType = "com.apple.product-type.application";
		};
		1737C44D18CE415D00CFF4D0 /* codekidTests */ = {
			isa = PBXNativeTarget;
			buildConfigurationList = 1737C46218CE415E00CFF4D0 /* Build configuration list for PBXNativeTarget "codekidTests" */;
			buildPhases = (
				1737C44A18CE415D00CFF4D0 /* Sources */,
				1737C44B18CE415D00CFF4D0 /* Frameworks */,
				1737C44C18CE415D00CFF4D0 /* Resources */,
			);
			buildRules = (
			);
			dependencies = (
				1737C45418CE415D00CFF4D0 /* PBXTargetDependency */,
			);
			name = codekidTests;
			productName = codekidTests;
			productReference = 1737C44E18CE415D00CFF4D0 /* codekidTests.xctest */;
			productType = "com.apple.product-type.bundle.unit-test";
		};
/* End PBXNativeTarget section */

/* Begin PBXProject section */
		1737C42518CE415D00CFF4D0 /* Project object */ = {
			isa = PBXProject;
			attributes = {
				LastUpgradeCheck = 0510;
				ORGANIZATIONNAME = "Cecilia Rodríguez Ramírez & Jordan Y. Cortés Guzmán";
				TargetAttributes = {
					1737C44D18CE415D00CFF4D0 = {
						TestTargetID = 1737C42C18CE415D00CFF4D0;
					};
				};
			};
			buildConfigurationList = 1737C42818CE415D00CFF4D0 /* Build configuration list for PBXProject "codekid" */;
			compatibilityVersion = "Xcode 3.2";
			developmentRegion = English;
			hasScannedForEncodings = 0;
			knownRegions = (
				en,
				Base,
			);
			mainGroup = 1737C42418CE415D00CFF4D0;
			productRefGroup = 1737C42E18CE415D00CFF4D0 /* Products */;
			projectDirPath = "";
			projectRoot = "";
			targets = (
				1737C42C18CE415D00CFF4D0 /* codekid */,
				1737C44D18CE415D00CFF4D0 /* codekidTests */,
			);
		};
/* End PBXProject section */

/* Begin PBXResourcesBuildPhase section */
		1737C42B18CE415D00CFF4D0 /* Resources */ = {
			isa = PBXResourcesBuildPhase;
			buildActionMask = 2147483647;
			files = (
				DFE0BDD718EA271500F87F18 /* x.png in Resources */,
				DF7F279318F3712D00971329 /* Appearance.png in Resources */,
				DFE0BDD918EA64E000F87F18 /* editEnable.png in Resources */,
				1737C44918CE415D00CFF4D0 /* Images.xcassets in Resources */,
				DF7F272918EDFE7C00971329 /* run.png in Resources */,
				DF7F279518F3712D00971329 /* Events.png in Resources */,
				DF3D350618DFCC7000F8D6BD /* plus-76x76@2x.png in Resources */,
				DF7F278518F36C3D00971329 /* character.png in Resources */,
				DF3D350518DFCC7000F8D6BD /* edit.png in Resources */,
				DF7F279D18F383A600971329 /* drag.png in Resources */,
				DF7F273118EE1C6F00971329 /* projects.png in Resources */,
				DF7F279918F3712D00971329 /* Variables.png in Resources */,
				DF7F272F18EE1BAA00971329 /* statusBar.png in Resources */,
				1737C43B18CE415D00CFF4D0 /* InfoPlist.strings in Resources */,
				DF7F279B18F3722400971329 /* Movement.png in Resources */,
				DF3D350E18E0F5F300F8D6BD /* Default.png in Resources */,
				1737C44418CE415D00CFF4D0 /* Main.storyboard in Resources */,
				DF7F273318EE33D000971329 /* codekid-48.png in Resources */,
				17AD02BF190ECC3F00C12643 /* Action_Man_Bold.ttf in Resources */,
				DFA14A4918F60EE60061FB40 /* bloques in Resources */,
				DF3D350A18E0F56400F8D6BD /* codekid.png in Resources */,
				DFE0BDDB18EA6ED400F87F18 /* rename.png in Resources */,
				DF7F279418F3712D00971329 /* Control.png in Resources */,
				DF7F279618F3712D00971329 /* Lists.png in Resources */,
				DF7F279818F3712D00971329 /* Operators.png in Resources */,
			);
			runOnlyForDeploymentPostprocessing = 0;
		};
		1737C44C18CE415D00CFF4D0 /* Resources */ = {
			isa = PBXResourcesBuildPhase;
			buildActionMask = 2147483647;
			files = (
				1737C45A18CE415D00CFF4D0 /* InfoPlist.strings in Resources */,
			);
			runOnlyForDeploymentPostprocessing = 0;
		};
/* End PBXResourcesBuildPhase section */

/* Begin PBXSourcesBuildPhase section */
		1737C42918CE415D00CFF4D0 /* Sources */ = {
			isa = PBXSourcesBuildPhase;
			buildActionMask = 2147483647;
			files = (
				17722D7518D807BC00E4A3CB /* Stack.m in Sources */,
				1737C46718CE41DE00CFF4D0 /* Common.m in Sources */,
				17AD02BC190EC92300C12643 /* VariableLabel.m in Sources */,
				17722D7118D8042900E4A3CB /* Quadruple.m in Sources */,
				17DE3A29190A10F700C57B0E /* Block.m in Sources */,
				170664D4190B60DD00A6C3C9 /* BlockView.m in Sources */,
				1737C44718CE415D00CFF4D0 /* ViewController.m in Sources */,
				17DE3A2C190A10F700C57B0E /* DropZoneView.m in Sources */,
				17E9DB1818F903DB0024EE7A /* Memory.m in Sources */,
				1737C46B18CE41F600CFF4D0 /* parser.ym in Sources */,
				1737C46918CE41ED00CFF4D0 /* tokenizer.lm in Sources */,
				17DE3A2B190A10F700C57B0E /* DropZoneTextField.m in Sources */,
				17E9DB1918F903DB0024EE7A /* Procedure.m in Sources */,
				17CC3C6219132EE800157C4B /* BlockHandleLongPressGestureRecognizer.m in Sources */,
				17E9DB1A18F903DB0024EE7A /* Temporal.m in Sources */,
				17A9B6B71910588500DB5054 /* BlockHandlePanGestureRecognizer.m in Sources */,
				DF3D350018DFC07500F8D6BD /* Project.m in Sources */,
				1737C44118CE415D00CFF4D0 /* AppDelegate.m in Sources */,
				17A8F94119133CF300292E41 /* BlockDeleteAlertView.m in Sources */,
				17DE3A2A190A10F700C57B0E /* BlockFactory.m in Sources */,
				17E9DB1B18F903DB0024EE7A /* Variable.m in Sources */,
				17DE3A2F190A110100C57B0E /* SidebarBlockViewCell.m in Sources */,
				1737C43D18CE415D00CFF4D0 /* main.m in Sources */,
				DF7F272D18EDFF6900971329 /* EventsViewController.m in Sources */,
			);
			runOnlyForDeploymentPostprocessing = 0;
		};
		1737C44A18CE415D00CFF4D0 /* Sources */ = {
			isa = PBXSourcesBuildPhase;
			buildActionMask = 2147483647;
			files = (
				1737C45C18CE415E00CFF4D0 /* codekidTests.m in Sources */,
			);
			runOnlyForDeploymentPostprocessing = 0;
		};
/* End PBXSourcesBuildPhase section */

/* Begin PBXTargetDependency section */
		1737C45418CE415D00CFF4D0 /* PBXTargetDependency */ = {
			isa = PBXTargetDependency;
			target = 1737C42C18CE415D00CFF4D0 /* codekid */;
			targetProxy = 1737C45318CE415D00CFF4D0 /* PBXContainerItemProxy */;
		};
/* End PBXTargetDependency section */

/* Begin PBXVariantGroup section */
		1737C43918CE415D00CFF4D0 /* InfoPlist.strings */ = {
			isa = PBXVariantGroup;
			children = (
				1737C43A18CE415D00CFF4D0 /* en */,
			);
			name = InfoPlist.strings;
			sourceTree = "<group>";
		};
		1737C44218CE415D00CFF4D0 /* Main.storyboard */ = {
			isa = PBXVariantGroup;
			children = (
				1737C44318CE415D00CFF4D0 /* Base */,
			);
			name = Main.storyboard;
			sourceTree = "<group>";
		};
		1737C45818CE415D00CFF4D0 /* InfoPlist.strings */ = {
			isa = PBXVariantGroup;
			children = (
				1737C45918CE415D00CFF4D0 /* en */,
			);
			name = InfoPlist.strings;
			sourceTree = "<group>";
		};
/* End PBXVariantGroup section */

/* Begin XCBuildConfiguration section */
		1737C45D18CE415E00CFF4D0 /* Debug */ = {
			isa = XCBuildConfiguration;
			buildSettings = {
				ALWAYS_SEARCH_USER_PATHS = NO;
				CLANG_CXX_LANGUAGE_STANDARD = "gnu++0x";
				CLANG_CXX_LIBRARY = "libc++";
				CLANG_ENABLE_MODULES = YES;
				CLANG_ENABLE_OBJC_ARC = YES;
				CLANG_WARN_BOOL_CONVERSION = YES;
				CLANG_WARN_CONSTANT_CONVERSION = YES;
				CLANG_WARN_DIRECT_OBJC_ISA_USAGE = YES_ERROR;
				CLANG_WARN_EMPTY_BODY = YES;
				CLANG_WARN_ENUM_CONVERSION = YES;
				CLANG_WARN_INT_CONVERSION = YES;
				CLANG_WARN_OBJC_ROOT_CLASS = YES_ERROR;
				CLANG_WARN__DUPLICATE_METHOD_MATCH = YES;
				"CODE_SIGN_IDENTITY[sdk=iphoneos*]" = "iPhone Developer";
				COPY_PHASE_STRIP = NO;
				GCC_C_LANGUAGE_STANDARD = gnu99;
				GCC_DYNAMIC_NO_PIC = NO;
				GCC_OPTIMIZATION_LEVEL = 0;
				GCC_PREPROCESSOR_DEFINITIONS = (
					"DEBUG=1",
					"$(inherited)",
				);
				GCC_SYMBOLS_PRIVATE_EXTERN = NO;
				GCC_WARN_64_TO_32_BIT_CONVERSION = YES;
				GCC_WARN_ABOUT_RETURN_TYPE = YES_ERROR;
				GCC_WARN_UNDECLARED_SELECTOR = YES;
				GCC_WARN_UNINITIALIZED_AUTOS = YES;
				GCC_WARN_UNUSED_FUNCTION = YES;
				GCC_WARN_UNUSED_VARIABLE = YES;
				IPHONEOS_DEPLOYMENT_TARGET = 7.0;
				ONLY_ACTIVE_ARCH = YES;
				SDKROOT = iphoneos;
				TARGETED_DEVICE_FAMILY = 2;
			};
			name = Debug;
		};
		1737C45E18CE415E00CFF4D0 /* Release */ = {
			isa = XCBuildConfiguration;
			buildSettings = {
				ALWAYS_SEARCH_USER_PATHS = NO;
				CLANG_CXX_LANGUAGE_STANDARD = "gnu++0x";
				CLANG_CXX_LIBRARY = "libc++";
				CLANG_ENABLE_MODULES = YES;
				CLANG_ENABLE_OBJC_ARC = YES;
				CLANG_WARN_BOOL_CONVERSION = YES;
				CLANG_WARN_CONSTANT_CONVERSION = YES;
				CLANG_WARN_DIRECT_OBJC_ISA_USAGE = YES_ERROR;
				CLANG_WARN_EMPTY_BODY = YES;
				CLANG_WARN_ENUM_CONVERSION = YES;
				CLANG_WARN_INT_CONVERSION = YES;
				CLANG_WARN_OBJC_ROOT_CLASS = YES_ERROR;
				CLANG_WARN__DUPLICATE_METHOD_MATCH = YES;
				"CODE_SIGN_IDENTITY[sdk=iphoneos*]" = "iPhone Developer";
				COPY_PHASE_STRIP = YES;
				ENABLE_NS_ASSERTIONS = NO;
				GCC_C_LANGUAGE_STANDARD = gnu99;
				GCC_WARN_64_TO_32_BIT_CONVERSION = YES;
				GCC_WARN_ABOUT_RETURN_TYPE = YES_ERROR;
				GCC_WARN_UNDECLARED_SELECTOR = YES;
				GCC_WARN_UNINITIALIZED_AUTOS = YES;
				GCC_WARN_UNUSED_FUNCTION = YES;
				GCC_WARN_UNUSED_VARIABLE = YES;
				IPHONEOS_DEPLOYMENT_TARGET = 7.0;
				SDKROOT = iphoneos;
				TARGETED_DEVICE_FAMILY = 2;
				VALIDATE_PRODUCT = YES;
			};
			name = Release;
		};
		1737C46018CE415E00CFF4D0 /* Debug */ = {
			isa = XCBuildConfiguration;
			buildSettings = {
				ASSETCATALOG_COMPILER_APPICON_NAME = AppIcon;
				ASSETCATALOG_COMPILER_LAUNCHIMAGE_NAME = LaunchImage;
				CLANG_WARN_DOCUMENTATION_COMMENTS = YES;
				GCC_PRECOMPILE_PREFIX_HEADER = YES;
				GCC_PREFIX_HEADER = "codekid/codekid-Prefix.pch";
				INFOPLIST_FILE = "codekid/codekid-Info.plist";
				LEXFLAGS = "";
				LEX_SUPPRESS_WARNINGS = NO;
				OTHER_CFLAGS = "";
				PRODUCT_NAME = "$(TARGET_NAME)";
				WARNING_CFLAGS = "";
				WARNING_LDFLAGS = "";
				WRAPPER_EXTENSION = app;
				YACCFLAGS = "";
			};
			name = Debug;
		};
		1737C46118CE415E00CFF4D0 /* Release */ = {
			isa = XCBuildConfiguration;
			buildSettings = {
				ASSETCATALOG_COMPILER_APPICON_NAME = AppIcon;
				ASSETCATALOG_COMPILER_LAUNCHIMAGE_NAME = LaunchImage;
				CLANG_WARN_DOCUMENTATION_COMMENTS = YES;
				GCC_PRECOMPILE_PREFIX_HEADER = YES;
				GCC_PREFIX_HEADER = "codekid/codekid-Prefix.pch";
				INFOPLIST_FILE = "codekid/codekid-Info.plist";
				LEXFLAGS = "";
				LEX_SUPPRESS_WARNINGS = NO;
				OTHER_CFLAGS = "";
				PRODUCT_NAME = "$(TARGET_NAME)";
				WARNING_CFLAGS = "";
				WARNING_LDFLAGS = "";
				WRAPPER_EXTENSION = app;
				YACCFLAGS = "";
			};
			name = Release;
		};
		1737C46318CE415E00CFF4D0 /* Debug */ = {
			isa = XCBuildConfiguration;
			buildSettings = {
				BUNDLE_LOADER = "$(BUILT_PRODUCTS_DIR)/codekid.app/codekid";
				FRAMEWORK_SEARCH_PATHS = (
					"$(SDKROOT)/Developer/Library/Frameworks",
					"$(inherited)",
					"$(DEVELOPER_FRAMEWORKS_DIR)",
				);
				GCC_PRECOMPILE_PREFIX_HEADER = YES;
				GCC_PREFIX_HEADER = "codekid/codekid-Prefix.pch";
				GCC_PREPROCESSOR_DEFINITIONS = (
					"DEBUG=1",
					"$(inherited)",
				);
				INFOPLIST_FILE = "codekidTests/codekidTests-Info.plist";
				PRODUCT_NAME = "$(TARGET_NAME)";
				TEST_HOST = "$(BUNDLE_LOADER)";
				WRAPPER_EXTENSION = xctest;
			};
			name = Debug;
		};
		1737C46418CE415E00CFF4D0 /* Release */ = {
			isa = XCBuildConfiguration;
			buildSettings = {
				BUNDLE_LOADER = "$(BUILT_PRODUCTS_DIR)/codekid.app/codekid";
				FRAMEWORK_SEARCH_PATHS = (
					"$(SDKROOT)/Developer/Library/Frameworks",
					"$(inherited)",
					"$(DEVELOPER_FRAMEWORKS_DIR)",
				);
				GCC_PRECOMPILE_PREFIX_HEADER = YES;
				GCC_PREFIX_HEADER = "codekid/codekid-Prefix.pch";
				INFOPLIST_FILE = "codekidTests/codekidTests-Info.plist";
				PRODUCT_NAME = "$(TARGET_NAME)";
				TEST_HOST = "$(BUNDLE_LOADER)";
				WRAPPER_EXTENSION = xctest;
			};
			name = Release;
		};
/* End XCBuildConfiguration section */

/* Begin XCConfigurationList section */
		1737C42818CE415D00CFF4D0 /* Build configuration list for PBXProject "codekid" */ = {
			isa = XCConfigurationList;
			buildConfigurations = (
				1737C45D18CE415E00CFF4D0 /* Debug */,
				1737C45E18CE415E00CFF4D0 /* Release */,
			);
			defaultConfigurationIsVisible = 0;
			defaultConfigurationName = Release;
		};
		1737C45F18CE415E00CFF4D0 /* Build configuration list for PBXNativeTarget "codekid" */ = {
			isa = XCConfigurationList;
			buildConfigurations = (
				1737C46018CE415E00CFF4D0 /* Debug */,
				1737C46118CE415E00CFF4D0 /* Release */,
			);
			defaultConfigurationIsVisible = 0;
			defaultConfigurationName = Release;
		};
		1737C46218CE415E00CFF4D0 /* Build configuration list for PBXNativeTarget "codekidTests" */ = {
			isa = XCConfigurationList;
			buildConfigurations = (
				1737C46318CE415E00CFF4D0 /* Debug */,
				1737C46418CE415E00CFF4D0 /* Release */,
			);
			defaultConfigurationIsVisible = 0;
			defaultConfigurationName = Release;
		};
/* End XCConfigurationList section */
	};
	rootObject = 1737C42518CE415D00CFF4D0 /* Project object */;
}
